
Microsoft Visual Studio Solution File, Format Version 12.00
# Visual Studio Version 17
VisualStudioVersion = 17.11.35327.3
MinimumVisualStudioVersion = 10.0.40219.1
Project("{9A19103F-16F7-4668-BE54-9A1E7A4F7556}") = "GeekShopping.ProductAPI", "..\..\GeekShooping\GeekShopping.ProductAPI\GeekShopping.ProductAPI.csproj", "{80248BF3-6591-49D1-92B5-D9F5BFF7C090}"
EndProject
Project("{9A19103F-16F7-4668-BE54-9A1E7A4F7556}") = "GeekShopping.Web", "..\..\GeekShooping\GeekShopping.Web\GeekShopping.Web.csproj", "{A4C4C46F-1F32-4685-B7A9-C16F687EB535}"
EndProject
Global
	GlobalSection(SolutionConfigurationPlatforms) = preSolution
		Debug|Any CPU = Debug|Any CPU
		Release|Any CPU = Release|Any CPU
	EndGlobalSection
	GlobalSection(ProjectConfigurationPlatforms) = postSolution
		{80248BF3-6591-49D1-92B5-D9F5BFF7C090}.Debug|Any CPU.ActiveCfg = Debug|Any CPU
		{80248BF3-6591-49D1-92B5-D9F5BFF7C090}.Debug|Any CPU.Build.0 = Debug|Any CPU
		{80248BF3-6591-49D1-92B5-D9F5BFF7C090}.Release|Any CPU.ActiveCfg = Release|Any CPU
		{80248BF3-6591-49D1-92B5-D9F5BFF7C090}.Release|Any CPU.Build.0 = Release|Any CPU
		{A4C4C46F-1F32-4685-B7A9-C16F687EB535}.Debug|Any CPU.ActiveCfg = Debug|Any CPU
		{A4C4C46F-1F32-4685-B7A9-C16F687EB535}.Debug|Any CPU.Build.0 = Debug|Any CPU
		{A4C4C46F-1F32-4685-B7A9-C16F687EB535}.Release|Any CPU.ActiveCfg = Release|Any CPU
		{A4C4C46F-1F32-4685-B7A9-C16F687EB535}.Release|Any CPU.Build.0 = Release|Any CPU
	EndGlobalSection
	GlobalSection(SolutionProperties) = preSolution
		HideSolutionNode = FALSE
	EndGlobalSection
	GlobalSection(ExtensibilityGlobals) = postSolution
		SolutionGuid = {D922637E-7443-4526-B4F3-63AC8D991112}
	EndGlobalSection
EndGlobal
